
Microsoft Visual Studio Solution File, Format Version 12.00
# Visual Studio Version 17
VisualStudioVersion = 17.10.35122.118
MinimumVisualStudioVersion = 10.0.40219.1
Project("{9A19103F-16F7-4668-BE54-9A1E7A4F7556}") = "TradeApi", "TradeApi\TradeApi.csproj", "{2033F987-00EF-463F-854C-8C36025C21F4}"
EndProject
Project("{FAE04EC0-301F-11D3-BF4B-00C04F79EFBC}") = "TradeApi.Example", "TradeApi.Example\TradeApi.Example.csproj", "{6AD9D50A-A2C8-4408-BDFF-3E6C2EAB8912}"
EndProject
Global
	GlobalSection(SolutionConfigurationPlatforms) = preSolution
		Debug|Any CPU = Debug|Any CPU
		Release|Any CPU = Release|Any CPU
	EndGlobalSection
	GlobalSection(ProjectConfigurationPlatforms) = postSolution
		{2033F987-00EF-463F-854C-8C36025C21F4}.Debug|Any CPU.ActiveCfg = Debug|Any CPU
		{2033F987-00EF-463F-854C-8C36025C21F4}.Debug|Any CPU.Build.0 = Debug|Any CPU
		{2033F987-00EF-463F-854C-8C36025C21F4}.Release|Any CPU.ActiveCfg = Release|Any CPU
		{2033F987-00EF-463F-854C-8C36025C21F4}.Release|Any CPU.Build.0 = Release|Any CPU
		{6AD9D50A-A2C8-4408-BDFF-3E6C2EAB8912}.Debug|Any CPU.ActiveCfg = Debug|Any CPU
		{6AD9D50A-A2C8-4408-BDFF-3E6C2EAB8912}.Debug|Any CPU.Build.0 = Debug|Any CPU
		{6AD9D50A-A2C8-4408-BDFF-3E6C2EAB8912}.Release|Any CPU.ActiveCfg = Release|Any CPU
		{6AD9D50A-A2C8-4408-BDFF-3E6C2EAB8912}.Release|Any CPU.Build.0 = Release|Any CPU
	EndGlobalSection
	GlobalSection(SolutionProperties) = preSolution
		HideSolutionNode = FALSE
	EndGlobalSection
	GlobalSection(ExtensibilityGlobals) = postSolution
		SolutionGuid = {848B1F6E-6127-49B5-A47E-1CA452049BB1}
	EndGlobalSection
EndGlobal
